
Microsoft Visual Studio Solution File, Format Version 12.00
# Visual Studio Version 17
VisualStudioVersion = 17.14.36301.6 d17.14
MinimumVisualStudioVersion = 10.0.40219.1
Project("{FAE04EC0-301F-11D3-BF4B-00C04F79EFBC}") = "ConsoleApp3", "ConsoleApp3\ConsoleApp3.csproj", "{0F0DDB31-AC1F-4617-8974-952D00614702}"
EndProject
Project("{FAE04EC0-301F-11D3-BF4B-00C04F79EFBC}") = "ClassLibrary1", "ClassLibrary1\ClassLibrary1.csproj", "{6B4278C0-3AC1-4A80-ADF3-AA0FA990A9CB}"
EndProject
Global
	GlobalSection(SolutionConfigurationPlatforms) = preSolution
		Debug|Any CPU = Debug|Any CPU
		Release|Any CPU = Release|Any CPU
	EndGlobalSection
	GlobalSection(ProjectConfigurationPlatforms) = postSolution
		{0F0DDB31-AC1F-4617-8974-952D00614702}.Debug|Any CPU.ActiveCfg = Debug|Any CPU
		{0F0DDB31-AC1F-4617-8974-952D00614702}.Debug|Any CPU.Build.0 = Debug|Any CPU
		{0F0DDB31-AC1F-4617-8974-952D00614702}.Release|Any CPU.ActiveCfg = Release|Any CPU
		{0F0DDB31-AC1F-4617-8974-952D00614702}.Release|Any CPU.Build.0 = Release|Any CPU
		{6B4278C0-3AC1-4A80-ADF3-AA0FA990A9CB}.Debug|Any CPU.ActiveCfg = Debug|Any CPU
		{6B4278C0-3AC1-4A80-ADF3-AA0FA990A9CB}.Debug|Any CPU.Build.0 = Debug|Any CPU
		{6B4278C0-3AC1-4A80-ADF3-AA0FA990A9CB}.Release|Any CPU.ActiveCfg = Release|Any CPU
		{6B4278C0-3AC1-4A80-ADF3-AA0FA990A9CB}.Release|Any CPU.Build.0 = Release|Any CPU
	EndGlobalSection
	GlobalSection(SolutionProperties) = preSolution
		HideSolutionNode = FALSE
	EndGlobalSection
	GlobalSection(ExtensibilityGlobals) = postSolution
		SolutionGuid = {C0E6553F-A028-4A25-B79B-94856D5AF791}
	EndGlobalSection
EndGlobal
