
Microsoft Visual Studio Solution File, Format Version 12.00
# Visual Studio Version 17
VisualStudioVersion = 17.14.36301.6 d17.14
MinimumVisualStudioVersion = 10.0.40219.1
Project("{FAE04EC0-301F-11D3-BF4B-00C04F79EFBC}") = "MedicalBot", "MedicalBot\MedicalBot.csproj", "{4A8AFFA6-5254-428E-891F-AF191F874CDD}"
EndProject
Project("{FAE04EC0-301F-11D3-BF4B-00C04F79EFBC}") = "Patients", "Patient\Patients.csproj", "{26788AD0-219B-466D-B3E7-F7283EC63562}"
EndProject
Global
	GlobalSection(SolutionConfigurationPlatforms) = preSolution
		Debug|Any CPU = Debug|Any CPU
		Release|Any CPU = Release|Any CPU
	EndGlobalSection
	GlobalSection(ProjectConfigurationPlatforms) = postSolution
		{4A8AFFA6-5254-428E-891F-AF191F874CDD}.Debug|Any CPU.ActiveCfg = Debug|Any CPU
		{4A8AFFA6-5254-428E-891F-AF191F874CDD}.Debug|Any CPU.Build.0 = Debug|Any CPU
		{4A8AFFA6-5254-428E-891F-AF191F874CDD}.Release|Any CPU.ActiveCfg = Release|Any CPU
		{4A8AFFA6-5254-428E-891F-AF191F874CDD}.Release|Any CPU.Build.0 = Release|Any CPU
		{26788AD0-219B-466D-B3E7-F7283EC63562}.Debug|Any CPU.ActiveCfg = Debug|Any CPU
		{26788AD0-219B-466D-B3E7-F7283EC63562}.Debug|Any CPU.Build.0 = Debug|Any CPU
		{26788AD0-219B-466D-B3E7-F7283EC63562}.Release|Any CPU.ActiveCfg = Release|Any CPU
		{26788AD0-219B-466D-B3E7-F7283EC63562}.Release|Any CPU.Build.0 = Release|Any CPU
	EndGlobalSection
	GlobalSection(SolutionProperties) = preSolution
		HideSolutionNode = FALSE
	EndGlobalSection
	GlobalSection(ExtensibilityGlobals) = postSolution
		SolutionGuid = {127138D4-7620-404E-B157-14FBC579BF53}
	EndGlobalSection
EndGlobal
