
Microsoft Visual Studio Solution File, Format Version 12.00
# Visual Studio Version 17
VisualStudioVersion = 17.14.36301.6 d17.14
MinimumVisualStudioVersion = 10.0.40219.1
Project("{FAE04EC0-301F-11D3-BF4B-00C04F79EFBC}") = "MethodExample", "MethodExample\MethodExample.csproj", "{B9574F8C-DDCF-4C3C-916B-40698AE4F9DA}"
EndProject
Project("{FAE04EC0-301F-11D3-BF4B-00C04F79EFBC}") = "ClassLibrary1", "ClassLibrary1\ClassLibrary1.csproj", "{1FC5849A-188E-48D3-9178-8021EF92B1E8}"
EndProject
Global
	GlobalSection(SolutionConfigurationPlatforms) = preSolution
		Debug|Any CPU = Debug|Any CPU
		Release|Any CPU = Release|Any CPU
	EndGlobalSection
	GlobalSection(ProjectConfigurationPlatforms) = postSolution
		{B9574F8C-DDCF-4C3C-916B-40698AE4F9DA}.Debug|Any CPU.ActiveCfg = Debug|Any CPU
		{B9574F8C-DDCF-4C3C-916B-40698AE4F9DA}.Debug|Any CPU.Build.0 = Debug|Any CPU
		{B9574F8C-DDCF-4C3C-916B-40698AE4F9DA}.Release|Any CPU.ActiveCfg = Release|Any CPU
		{B9574F8C-DDCF-4C3C-916B-40698AE4F9DA}.Release|Any CPU.Build.0 = Release|Any CPU
		{1FC5849A-188E-48D3-9178-8021EF92B1E8}.Debug|Any CPU.ActiveCfg = Debug|Any CPU
		{1FC5849A-188E-48D3-9178-8021EF92B1E8}.Debug|Any CPU.Build.0 = Debug|Any CPU
		{1FC5849A-188E-48D3-9178-8021EF92B1E8}.Release|Any CPU.ActiveCfg = Release|Any CPU
		{1FC5849A-188E-48D3-9178-8021EF92B1E8}.Release|Any CPU.Build.0 = Release|Any CPU
	EndGlobalSection
	GlobalSection(SolutionProperties) = preSolution
		HideSolutionNode = FALSE
	EndGlobalSection
	GlobalSection(ExtensibilityGlobals) = postSolution
		SolutionGuid = {8D321944-317F-4DF3-B604-31AC5804E2DB}
	EndGlobalSection
EndGlobal
